
Microsoft Visual Studio Solution File, Format Version 12.00
# Visual Studio Version 17
VisualStudioVersion = 17.13.35931.197 d17.13
MinimumVisualStudioVersion = 10.0.40219.1
Project("{FAE04EC0-301F-11D3-BF4B-00C04F79EFBC}") = "SistemaGestionIso", "SistemaGestionIso\SistemaGestionIso.csproj", "{8C01EB66-7A2C-480D-8FF6-A3B5655F35E5}"
EndProject
Global
	GlobalSection(SolutionConfigurationPlatforms) = preSolution
		Debug|Any CPU = Debug|Any CPU
		Release|Any CPU = Release|Any CPU
	EndGlobalSection
	GlobalSection(ProjectConfigurationPlatforms) = postSolution
		{8C01EB66-7A2C-480D-8FF6-A3B5655F35E5}.Debug|Any CPU.ActiveCfg = Debug|Any CPU
		{8C01EB66-7A2C-480D-8FF6-A3B5655F35E5}.Debug|Any CPU.Build.0 = Debug|Any CPU
		{8C01EB66-7A2C-480D-8FF6-A3B5655F35E5}.Release|Any CPU.ActiveCfg = Release|Any CPU
		{8C01EB66-7A2C-480D-8FF6-A3B5655F35E5}.Release|Any CPU.Build.0 = Release|Any CPU
	EndGlobalSection
	GlobalSection(SolutionProperties) = preSolution
		HideSolutionNode = FALSE
	EndGlobalSection
	GlobalSection(ExtensibilityGlobals) = postSolution
		SolutionGuid = {AE3B4F1E-4D84-42BD-8683-16F8B3FC7205}
	EndGlobalSection
EndGlobal
